
Microsoft Visual Studio Solution File, Format Version 12.00
# Visual Studio 15
VisualStudioVersion = 15.0.27004.2009
MinimumVisualStudioVersion = 10.0.40219.1
Project("{FAE04EC0-301F-11D3-BF4B-00C04F79EFBC}") = "GameDevelopment", "GameDevelopment\GameDevelopment.csproj", "{408FF7B3-AD55-45D9-819F-62B0BDBAA4D4}"
EndProject
Global
	GlobalSection(SolutionConfigurationPlatforms) = preSolution
		Debug|Any CPU = Debug|Any CPU
		Release|Any CPU = Release|Any CPU
	EndGlobalSection
	GlobalSection(ProjectConfigurationPlatforms) = postSolution
		{408FF7B3-AD55-45D9-819F-62B0BDBAA4D4}.Debug|Any CPU.ActiveCfg = Debug|Any CPU
		{408FF7B3-AD55-45D9-819F-62B0BDBAA4D4}.Debug|Any CPU.Build.0 = Debug|Any CPU
		{408FF7B3-AD55-45D9-819F-62B0BDBAA4D4}.Debug|Any CPU.Deploy.0 = Debug|Any CPU
		{408FF7B3-AD55-45D9-819F-62B0BDBAA4D4}.Release|Any CPU.ActiveCfg = Release|Any CPU
		{408FF7B3-AD55-45D9-819F-62B0BDBAA4D4}.Release|Any CPU.Build.0 = Release|Any CPU
		{408FF7B3-AD55-45D9-819F-62B0BDBAA4D4}.Release|Any CPU.Deploy.0 = Release|Any CPU
	EndGlobalSection
	GlobalSection(SolutionProperties) = preSolution
		HideSolutionNode = FALSE
	EndGlobalSection
	GlobalSection(ExtensibilityGlobals) = postSolution
		SolutionGuid = {0D2675D6-259E-459C-AA16-A9A0497F9B91}
	EndGlobalSection
EndGlobal
